
Microsoft Visual Studio Solution File, Format Version 12.00
# Visual Studio Version 17
VisualStudioVersion = 17.0.31903.59
MinimumVisualStudioVersion = 10.0.40219.1
Project("{2150E333-8FDC-42A3-9474-1A3956D46DE8}") = "src", "src", "{00587ECE-0C72-4BD0-BA1B-A7B84E8CB6D3}"
EndProject
Project("{2150E333-8FDC-42A3-9474-1A3956D46DE8}") = "Services", "Services", "{141ED636-28DC-4719-8417-96F9839AC38D}"
EndProject
Project("{2150E333-8FDC-42A3-9474-1A3956D46DE8}") = "Cards", "Cards", "{46F73DDD-383A-4FC1-9F14-A331E070DD81}"
EndProject
Project("{FAE04EC0-301F-11D3-BF4B-00C04F79EFBC}") = "Cards.WebApi", "src\Services\Cards\Cards.WebApi\Cards.WebApi.csproj", "{D86D28A7-BC57-489B-90F1-95B6FCA6D6EE}"
EndProject
Project("{2150E333-8FDC-42A3-9474-1A3956D46DE8}") = "Gateways", "Gateways", "{6E36A96B-F45C-4F1D-9E00-89E742B9F493}"
EndProject
Project("{FAE04EC0-301F-11D3-BF4B-00C04F79EFBC}") = "WebGateway", "src\Gateways\WebGateway\WebGateway.csproj", "{DCBE1FCB-82A5-496E-AC7C-1501434CDAE8}"
EndProject
Project("{2150E333-8FDC-42A3-9474-1A3956D46DE8}") = "EventBuses", "EventBuses", "{02DF5E25-CE02-49DB-9191-7F6D8CF2589B}"
EndProject
Project("{FAE04EC0-301F-11D3-BF4B-00C04F79EFBC}") = "RabbitMq", "src\EventBuses\RabbitMq\RabbitMq.csproj", "{219E4842-ECF0-4CCC-A6C5-D56DD4C1C585}"
EndProject
Global
	GlobalSection(SolutionConfigurationPlatforms) = preSolution
		Debug|Any CPU = Debug|Any CPU
		Release|Any CPU = Release|Any CPU
	EndGlobalSection
	GlobalSection(SolutionProperties) = preSolution
		HideSolutionNode = FALSE
	EndGlobalSection
	GlobalSection(ProjectConfigurationPlatforms) = postSolution
		{D86D28A7-BC57-489B-90F1-95B6FCA6D6EE}.Debug|Any CPU.ActiveCfg = Debug|Any CPU
		{D86D28A7-BC57-489B-90F1-95B6FCA6D6EE}.Debug|Any CPU.Build.0 = Debug|Any CPU
		{D86D28A7-BC57-489B-90F1-95B6FCA6D6EE}.Release|Any CPU.ActiveCfg = Release|Any CPU
		{D86D28A7-BC57-489B-90F1-95B6FCA6D6EE}.Release|Any CPU.Build.0 = Release|Any CPU
		{DCBE1FCB-82A5-496E-AC7C-1501434CDAE8}.Debug|Any CPU.ActiveCfg = Debug|Any CPU
		{DCBE1FCB-82A5-496E-AC7C-1501434CDAE8}.Debug|Any CPU.Build.0 = Debug|Any CPU
		{DCBE1FCB-82A5-496E-AC7C-1501434CDAE8}.Release|Any CPU.ActiveCfg = Release|Any CPU
		{DCBE1FCB-82A5-496E-AC7C-1501434CDAE8}.Release|Any CPU.Build.0 = Release|Any CPU
		{219E4842-ECF0-4CCC-A6C5-D56DD4C1C585}.Debug|Any CPU.ActiveCfg = Debug|Any CPU
		{219E4842-ECF0-4CCC-A6C5-D56DD4C1C585}.Debug|Any CPU.Build.0 = Debug|Any CPU
		{219E4842-ECF0-4CCC-A6C5-D56DD4C1C585}.Release|Any CPU.ActiveCfg = Release|Any CPU
		{219E4842-ECF0-4CCC-A6C5-D56DD4C1C585}.Release|Any CPU.Build.0 = Release|Any CPU
	EndGlobalSection
	GlobalSection(NestedProjects) = preSolution
		{141ED636-28DC-4719-8417-96F9839AC38D} = {00587ECE-0C72-4BD0-BA1B-A7B84E8CB6D3}
		{46F73DDD-383A-4FC1-9F14-A331E070DD81} = {141ED636-28DC-4719-8417-96F9839AC38D}
		{D86D28A7-BC57-489B-90F1-95B6FCA6D6EE} = {46F73DDD-383A-4FC1-9F14-A331E070DD81}
		{6E36A96B-F45C-4F1D-9E00-89E742B9F493} = {00587ECE-0C72-4BD0-BA1B-A7B84E8CB6D3}
		{DCBE1FCB-82A5-496E-AC7C-1501434CDAE8} = {6E36A96B-F45C-4F1D-9E00-89E742B9F493}
		{02DF5E25-CE02-49DB-9191-7F6D8CF2589B} = {00587ECE-0C72-4BD0-BA1B-A7B84E8CB6D3}
		{219E4842-ECF0-4CCC-A6C5-D56DD4C1C585} = {02DF5E25-CE02-49DB-9191-7F6D8CF2589B}
	EndGlobalSection
EndGlobal
